
Microsoft Visual Studio Solution File, Format Version 12.00
# Visual Studio Version 16
VisualStudioVersion = 16.0.30717.126
MinimumVisualStudioVersion = 10.0.40219.1
Project("{FAE04EC0-301F-11D3-BF4B-00C04F79EFBC}") = "GrpcServer", "GrpcServer\GrpcServer.csproj", "{337F35BF-9522-4F0E-BD85-0E300BEDD3B1}"
EndProject
Project("{FAE04EC0-301F-11D3-BF4B-00C04F79EFBC}") = "GrpcClient", "GrpcClient\GrpcClient.csproj", "{684CFD9E-AC58-4681-BA4F-15EF3664B9A7}"
EndProject
Global
	GlobalSection(SolutionConfigurationPlatforms) = preSolution
		Debug|Any CPU = Debug|Any CPU
		Release|Any CPU = Release|Any CPU
	EndGlobalSection
	GlobalSection(ProjectConfigurationPlatforms) = postSolution
		{337F35BF-9522-4F0E-BD85-0E300BEDD3B1}.Debug|Any CPU.ActiveCfg = Debug|Any CPU
		{337F35BF-9522-4F0E-BD85-0E300BEDD3B1}.Debug|Any CPU.Build.0 = Debug|Any CPU
		{337F35BF-9522-4F0E-BD85-0E300BEDD3B1}.Release|Any CPU.ActiveCfg = Release|Any CPU
		{337F35BF-9522-4F0E-BD85-0E300BEDD3B1}.Release|Any CPU.Build.0 = Release|Any CPU
		{684CFD9E-AC58-4681-BA4F-15EF3664B9A7}.Debug|Any CPU.ActiveCfg = Debug|Any CPU
		{684CFD9E-AC58-4681-BA4F-15EF3664B9A7}.Debug|Any CPU.Build.0 = Debug|Any CPU
		{684CFD9E-AC58-4681-BA4F-15EF3664B9A7}.Release|Any CPU.ActiveCfg = Release|Any CPU
		{684CFD9E-AC58-4681-BA4F-15EF3664B9A7}.Release|Any CPU.Build.0 = Release|Any CPU
	EndGlobalSection
	GlobalSection(SolutionProperties) = preSolution
		HideSolutionNode = FALSE
	EndGlobalSection
	GlobalSection(ExtensibilityGlobals) = postSolution
		SolutionGuid = {747F6F29-D657-486B-A758-B55851D91DE2}
	EndGlobalSection
EndGlobal
